
Microsoft Visual Studio Solution File, Format Version 12.00
# Visual Studio 15
VisualStudioVersion = 15.0.28307.572
MinimumVisualStudioVersion = 10.0.40219.1
Project("{FAE04EC0-301F-11D3-BF4B-00C04F79EFBC}") = "DavBuzzer.Android", "DavBuzzer\DavBuzzer.Android\DavBuzzer.Android.csproj", "{D50F2099-3BDF-4EEC-96F7-9C5A0498228C}"
EndProject
Project("{FAE04EC0-301F-11D3-BF4B-00C04F79EFBC}") = "DavBuzzer.iOS", "DavBuzzer\DavBuzzer.iOS\DavBuzzer.iOS.csproj", "{1191A416-D0C9-4226-8764-A4D3C94ED5CC}"
EndProject
Project("{FAE04EC0-301F-11D3-BF4B-00C04F79EFBC}") = "DavBuzzer", "DavBuzzer\DavBuzzer\DavBuzzer.csproj", "{BDB194D1-C981-423B-B29C-D54747CEBADF}"
EndProject
Global
	GlobalSection(SolutionConfigurationPlatforms) = preSolution
		Ad-Hoc|Any CPU = Ad-Hoc|Any CPU
		Ad-Hoc|iPhone = Ad-Hoc|iPhone
		Ad-Hoc|iPhoneSimulator = Ad-Hoc|iPhoneSimulator
		AppStore|Any CPU = AppStore|Any CPU
		AppStore|iPhone = AppStore|iPhone
		AppStore|iPhoneSimulator = AppStore|iPhoneSimulator
		Debug|Any CPU = Debug|Any CPU
		Debug|iPhone = Debug|iPhone
		Debug|iPhoneSimulator = Debug|iPhoneSimulator
		Release|Any CPU = Release|Any CPU
		Release|iPhone = Release|iPhone
		Release|iPhoneSimulator = Release|iPhoneSimulator
	EndGlobalSection
	GlobalSection(ProjectConfigurationPlatforms) = postSolution
		{D50F2099-3BDF-4EEC-96F7-9C5A0498228C}.Ad-Hoc|Any CPU.ActiveCfg = Release|Any CPU
		{D50F2099-3BDF-4EEC-96F7-9C5A0498228C}.Ad-Hoc|Any CPU.Build.0 = Release|Any CPU
		{D50F2099-3BDF-4EEC-96F7-9C5A0498228C}.Ad-Hoc|Any CPU.Deploy.0 = Release|Any CPU
		{D50F2099-3BDF-4EEC-96F7-9C5A0498228C}.Ad-Hoc|iPhone.ActiveCfg = Release|Any CPU
		{D50F2099-3BDF-4EEC-96F7-9C5A0498228C}.Ad-Hoc|iPhone.Build.0 = Release|Any CPU
		{D50F2099-3BDF-4EEC-96F7-9C5A0498228C}.Ad-Hoc|iPhone.Deploy.0 = Release|Any CPU
		{D50F2099-3BDF-4EEC-96F7-9C5A0498228C}.Ad-Hoc|iPhoneSimulator.ActiveCfg = Release|Any CPU
		{D50F2099-3BDF-4EEC-96F7-9C5A0498228C}.Ad-Hoc|iPhoneSimulator.Build.0 = Release|Any CPU
		{D50F2099-3BDF-4EEC-96F7-9C5A0498228C}.Ad-Hoc|iPhoneSimulator.Deploy.0 = Release|Any CPU
		{D50F2099-3BDF-4EEC-96F7-9C5A0498228C}.AppStore|Any CPU.ActiveCfg = Release|Any CPU
		{D50F2099-3BDF-4EEC-96F7-9C5A0498228C}.AppStore|Any CPU.Build.0 = Release|Any CPU
		{D50F2099-3BDF-4EEC-96F7-9C5A0498228C}.AppStore|Any CPU.Deploy.0 = Release|Any CPU
		{D50F2099-3BDF-4EEC-96F7-9C5A0498228C}.AppStore|iPhone.ActiveCfg = Release|Any CPU
		{D50F2099-3BDF-4EEC-96F7-9C5A0498228C}.AppStore|iPhone.Build.0 = Release|Any CPU
		{D50F2099-3BDF-4EEC-96F7-9C5A0498228C}.AppStore|iPhone.Deploy.0 = Release|Any CPU
		{D50F2099-3BDF-4EEC-96F7-9C5A0498228C}.AppStore|iPhoneSimulator.ActiveCfg = Release|Any CPU
		{D50F2099-3BDF-4EEC-96F7-9C5A0498228C}.AppStore|iPhoneSimulator.Build.0 = Release|Any CPU
		{D50F2099-3BDF-4EEC-96F7-9C5A0498228C}.AppStore|iPhoneSimulator.Deploy.0 = Release|Any CPU
		{D50F2099-3BDF-4EEC-96F7-9C5A0498228C}.Debug|Any CPU.ActiveCfg = Debug|Any CPU
		{D50F2099-3BDF-4EEC-96F7-9C5A0498228C}.Debug|Any CPU.Build.0 = Debug|Any CPU
		{D50F2099-3BDF-4EEC-96F7-9C5A0498228C}.Debug|Any CPU.Deploy.0 = Debug|Any CPU
		{D50F2099-3BDF-4EEC-96F7-9C5A0498228C}.Debug|iPhone.ActiveCfg = Debug|Any CPU
		{D50F2099-3BDF-4EEC-96F7-9C5A0498228C}.Debug|iPhone.Build.0 = Debug|Any CPU
		{D50F2099-3BDF-4EEC-96F7-9C5A0498228C}.Debug|iPhone.Deploy.0 = Debug|Any CPU
		{D50F2099-3BDF-4EEC-96F7-9C5A0498228C}.Debug|iPhoneSimulator.ActiveCfg = Debug|Any CPU
		{D50F2099-3BDF-4EEC-96F7-9C5A0498228C}.Debug|iPhoneSimulator.Build.0 = Debug|Any CPU
		{D50F2099-3BDF-4EEC-96F7-9C5A0498228C}.Debug|iPhoneSimulator.Deploy.0 = Debug|Any CPU
		{D50F2099-3BDF-4EEC-96F7-9C5A0498228C}.Release|Any CPU.ActiveCfg = Release|Any CPU
		{D50F2099-3BDF-4EEC-96F7-9C5A0498228C}.Release|Any CPU.Build.0 = Release|Any CPU
		{D50F2099-3BDF-4EEC-96F7-9C5A0498228C}.Release|Any CPU.Deploy.0 = Release|Any CPU
		{D50F2099-3BDF-4EEC-96F7-9C5A0498228C}.Release|iPhone.ActiveCfg = Release|Any CPU
		{D50F2099-3BDF-4EEC-96F7-9C5A0498228C}.Release|iPhone.Build.0 = Release|Any CPU
		{D50F2099-3BDF-4EEC-96F7-9C5A0498228C}.Release|iPhone.Deploy.0 = Release|Any CPU
		{D50F2099-3BDF-4EEC-96F7-9C5A0498228C}.Release|iPhoneSimulator.ActiveCfg = Release|Any CPU
		{D50F2099-3BDF-4EEC-96F7-9C5A0498228C}.Release|iPhoneSimulator.Build.0 = Release|Any CPU
		{D50F2099-3BDF-4EEC-96F7-9C5A0498228C}.Release|iPhoneSimulator.Deploy.0 = Release|Any CPU
		{1191A416-D0C9-4226-8764-A4D3C94ED5CC}.Ad-Hoc|Any CPU.ActiveCfg = Ad-Hoc|iPhone
		{1191A416-D0C9-4226-8764-A4D3C94ED5CC}.Ad-Hoc|iPhone.ActiveCfg = Ad-Hoc|iPhone
		{1191A416-D0C9-4226-8764-A4D3C94ED5CC}.Ad-Hoc|iPhone.Build.0 = Ad-Hoc|iPhone
		{1191A416-D0C9-4226-8764-A4D3C94ED5CC}.Ad-Hoc|iPhoneSimulator.ActiveCfg = Ad-Hoc|iPhoneSimulator
		{1191A416-D0C9-4226-8764-A4D3C94ED5CC}.Ad-Hoc|iPhoneSimulator.Build.0 = Ad-Hoc|iPhoneSimulator
		{1191A416-D0C9-4226-8764-A4D3C94ED5CC}.AppStore|Any CPU.ActiveCfg = AppStore|iPhone
		{1191A416-D0C9-4226-8764-A4D3C94ED5CC}.AppStore|iPhone.ActiveCfg = AppStore|iPhone
		{1191A416-D0C9-4226-8764-A4D3C94ED5CC}.AppStore|iPhone.Build.0 = AppStore|iPhone
		{1191A416-D0C9-4226-8764-A4D3C94ED5CC}.AppStore|iPhoneSimulator.ActiveCfg = AppStore|iPhoneSimulator
		{1191A416-D0C9-4226-8764-A4D3C94ED5CC}.AppStore|iPhoneSimulator.Build.0 = AppStore|iPhoneSimulator
		{1191A416-D0C9-4226-8764-A4D3C94ED5CC}.Debug|Any CPU.ActiveCfg = Debug|iPhone
		{1191A416-D0C9-4226-8764-A4D3C94ED5CC}.Debug|iPhone.ActiveCfg = Debug|iPhone
		{1191A416-D0C9-4226-8764-A4D3C94ED5CC}.Debug|iPhone.Build.0 = Debug|iPhone
		{1191A416-D0C9-4226-8764-A4D3C94ED5CC}.Debug|iPhoneSimulator.ActiveCfg = Debug|iPhoneSimulator
		{1191A416-D0C9-4226-8764-A4D3C94ED5CC}.Debug|iPhoneSimulator.Build.0 = Debug|iPhoneSimulator
		{1191A416-D0C9-4226-8764-A4D3C94ED5CC}.Release|Any CPU.ActiveCfg = Release|iPhone
		{1191A416-D0C9-4226-8764-A4D3C94ED5CC}.Release|iPhone.ActiveCfg = Release|iPhone
		{1191A416-D0C9-4226-8764-A4D3C94ED5CC}.Release|iPhone.Build.0 = Release|iPhone
		{1191A416-D0C9-4226-8764-A4D3C94ED5CC}.Release|iPhoneSimulator.ActiveCfg = Release|iPhoneSimulator
		{1191A416-D0C9-4226-8764-A4D3C94ED5CC}.Release|iPhoneSimulator.Build.0 = Release|iPhoneSimulator
		{BDB194D1-C981-423B-B29C-D54747CEBADF}.Ad-Hoc|Any CPU.ActiveCfg = Debug|Any CPU
		{BDB194D1-C981-423B-B29C-D54747CEBADF}.Ad-Hoc|Any CPU.Build.0 = Debug|Any CPU
		{BDB194D1-C981-423B-B29C-D54747CEBADF}.Ad-Hoc|iPhone.ActiveCfg = Debug|Any CPU
		{BDB194D1-C981-423B-B29C-D54747CEBADF}.Ad-Hoc|iPhone.Build.0 = Debug|Any CPU
		{BDB194D1-C981-423B-B29C-D54747CEBADF}.Ad-Hoc|iPhoneSimulator.ActiveCfg = Debug|Any CPU
		{BDB194D1-C981-423B-B29C-D54747CEBADF}.Ad-Hoc|iPhoneSimulator.Build.0 = Debug|Any CPU
		{BDB194D1-C981-423B-B29C-D54747CEBADF}.AppStore|Any CPU.ActiveCfg = Debug|Any CPU
		{BDB194D1-C981-423B-B29C-D54747CEBADF}.AppStore|Any CPU.Build.0 = Debug|Any CPU
		{BDB194D1-C981-423B-B29C-D54747CEBADF}.AppStore|iPhone.ActiveCfg = Debug|Any CPU
		{BDB194D1-C981-423B-B29C-D54747CEBADF}.AppStore|iPhone.Build.0 = Debug|Any CPU
		{BDB194D1-C981-423B-B29C-D54747CEBADF}.AppStore|iPhoneSimulator.ActiveCfg = Debug|Any CPU
		{BDB194D1-C981-423B-B29C-D54747CEBADF}.AppStore|iPhoneSimulator.Build.0 = Debug|Any CPU
		{BDB194D1-C981-423B-B29C-D54747CEBADF}.Debug|Any CPU.ActiveCfg = Debug|Any CPU
		{BDB194D1-C981-423B-B29C-D54747CEBADF}.Debug|Any CPU.Build.0 = Debug|Any CPU
		{BDB194D1-C981-423B-B29C-D54747CEBADF}.Debug|iPhone.ActiveCfg = Debug|Any CPU
		{BDB194D1-C981-423B-B29C-D54747CEBADF}.Debug|iPhone.Build.0 = Debug|Any CPU
		{BDB194D1-C981-423B-B29C-D54747CEBADF}.Debug|iPhoneSimulator.ActiveCfg = Debug|Any CPU
		{BDB194D1-C981-423B-B29C-D54747CEBADF}.Debug|iPhoneSimulator.Build.0 = Debug|Any CPU
		{BDB194D1-C981-423B-B29C-D54747CEBADF}.Release|Any CPU.ActiveCfg = Release|Any CPU
		{BDB194D1-C981-423B-B29C-D54747CEBADF}.Release|Any CPU.Build.0 = Release|Any CPU
		{BDB194D1-C981-423B-B29C-D54747CEBADF}.Release|iPhone.ActiveCfg = Release|Any CPU
		{BDB194D1-C981-423B-B29C-D54747CEBADF}.Release|iPhone.Build.0 = Release|Any CPU
		{BDB194D1-C981-423B-B29C-D54747CEBADF}.Release|iPhoneSimulator.ActiveCfg = Release|Any CPU
		{BDB194D1-C981-423B-B29C-D54747CEBADF}.Release|iPhoneSimulator.Build.0 = Release|Any CPU
	EndGlobalSection
	GlobalSection(SolutionProperties) = preSolution
		HideSolutionNode = FALSE
	EndGlobalSection
	GlobalSection(ExtensibilityGlobals) = postSolution
		SolutionGuid = {D3F70492-7EF8-41BB-AFC3-E21E43D838C4}
	EndGlobalSection
EndGlobal
